# This file is autogenerated, do not edit; changes may be undone by the next 'dep ensure'.


[[projects]]
  name = "github.com/BurntSushi/toml"
  packages = ["."]
  revision = "b26d9c308763d68093482582cea63d69be07a0f0"
  version = "v0.3.0"

[[projects]]
  branch = "master"
  name = "github.com/comail/colog"
  packages = ["."]
  revision = "fba8e7b1f46c3607f09760ce3880066e7ff57c5a"

[[projects]]
  name = "github.com/eclipse/paho.mqtt.golang"
  packages = [".","packets"]
  revision = "512dcaa501c1580ea8eccb062ba06cc0c2b78172"

[[projects]]
  name = "github.com/influxdata/influxdb"
  packages = ["client/v2","models","pkg/escape"]
  revision = "6d2685d1738277a1c2672fc58df7994627769be6"
  version = "v1.4.2"

[[projects]]
  name = "github.com/influxdb/influxdb"
  packages = ["client","models","pkg/escape"]
  revision = "f55169eaca706f78e2d66edb0b8e62861712a747"
  version = "v0.10.3"

[[projects]]
  branch = "master"
  name = "golang.org/x/net"
  packages = ["proxy","websocket"]
  revision = "9dfe39835686865bff950a07b394c12a98ddc811"

[solve-meta]
  analyzer-name = "dep"
  analyzer-version = 1
  inputs-digest = "020cb08473925d3b251534195acb927f6e4c4fbcd23e47c63bbcf729ae0482fd"
  solver-name = "gps-cdcl"
  solver-version = 1
